
Microsoft Visual Studio Solution File, Format Version 12.00
Project("{FAE04EC0-301F-11D3-BF4B-00C04F79EFBC}") = "RezumiChan", "RezumiChan\RezumiChan.csproj", "{90F734C7-914B-4950-A512-C66D6889B227}"
EndProject
Project("{FAE04EC0-301F-11D3-BF4B-00C04F79EFBC}") = "RezumiChanGUI", "RezumiChanGUI\RezumiChanGUI.csproj", "{3E83B26F-3675-455F-AFAA-C7CC9837F939}"
EndProject
Project("{FAE04EC0-301F-11D3-BF4B-00C04F79EFBC}") = "RezumiChanService", "RezumiChanService\RezumiChanService.csproj", "{A6978F15-9A6B-4DBE-8854-D7CDAA5BFE94}"
EndProject
Global
	GlobalSection(SolutionConfigurationPlatforms) = preSolution
		Debug|Any CPU = Debug|Any CPU
		Release|Any CPU = Release|Any CPU
	EndGlobalSection
	GlobalSection(ProjectConfigurationPlatforms) = postSolution
		{90F734C7-914B-4950-A512-C66D6889B227}.Debug|Any CPU.ActiveCfg = Debug|Any CPU
		{90F734C7-914B-4950-A512-C66D6889B227}.Debug|Any CPU.Build.0 = Debug|Any CPU
		{90F734C7-914B-4950-A512-C66D6889B227}.Release|Any CPU.ActiveCfg = Release|Any CPU
		{90F734C7-914B-4950-A512-C66D6889B227}.Release|Any CPU.Build.0 = Release|Any CPU
		{3E83B26F-3675-455F-AFAA-C7CC9837F939}.Debug|Any CPU.ActiveCfg = Debug|Any CPU
		{3E83B26F-3675-455F-AFAA-C7CC9837F939}.Debug|Any CPU.Build.0 = Debug|Any CPU
		{3E83B26F-3675-455F-AFAA-C7CC9837F939}.Release|Any CPU.ActiveCfg = Release|Any CPU
		{3E83B26F-3675-455F-AFAA-C7CC9837F939}.Release|Any CPU.Build.0 = Release|Any CPU
		{A6978F15-9A6B-4DBE-8854-D7CDAA5BFE94}.Debug|Any CPU.ActiveCfg = Debug|Any CPU
		{A6978F15-9A6B-4DBE-8854-D7CDAA5BFE94}.Debug|Any CPU.Build.0 = Debug|Any CPU
		{A6978F15-9A6B-4DBE-8854-D7CDAA5BFE94}.Release|Any CPU.ActiveCfg = Release|Any CPU
		{A6978F15-9A6B-4DBE-8854-D7CDAA5BFE94}.Release|Any CPU.Build.0 = Release|Any CPU
	EndGlobalSection
	GlobalSection(SolutionProperties) = preSolution
		HideSolutionNode = FALSE
	EndGlobalSection
EndGlobal
